
Microsoft Visual Studio Solution File, Format Version 12.00
# Visual Studio Version 16
VisualStudioVersion = 16.0.29519.87
MinimumVisualStudioVersion = 10.0.40219.1
Project("{FAE04EC0-301F-11D3-BF4B-00C04F79EFBC}") = "Meme Collector", "Meme Collector\Meme Collector.csproj", "{619D3576-D5AD-41C1-97D0-8CAF7BD901CE}"
EndProject
Global
	GlobalSection(SolutionConfigurationPlatforms) = preSolution
		Debug|Any CPU = Debug|Any CPU
		Release|Any CPU = Release|Any CPU
	EndGlobalSection
	GlobalSection(ProjectConfigurationPlatforms) = postSolution
		{619D3576-D5AD-41C1-97D0-8CAF7BD901CE}.Debug|Any CPU.ActiveCfg = Debug|Any CPU
		{619D3576-D5AD-41C1-97D0-8CAF7BD901CE}.Debug|Any CPU.Build.0 = Debug|Any CPU
		{619D3576-D5AD-41C1-97D0-8CAF7BD901CE}.Release|Any CPU.ActiveCfg = Release|Any CPU
		{619D3576-D5AD-41C1-97D0-8CAF7BD901CE}.Release|Any CPU.Build.0 = Release|Any CPU
	EndGlobalSection
	GlobalSection(SolutionProperties) = preSolution
		HideSolutionNode = FALSE
	EndGlobalSection
	GlobalSection(ExtensibilityGlobals) = postSolution
		SolutionGuid = {9AEDDF7A-6A0F-4F36-972B-23A6263A3980}
	EndGlobalSection
EndGlobal
